
Microsoft Visual Studio Solution File, Format Version 12.00
# Visual Studio Version 16
VisualStudioVersion = 16.0.30621.155
MinimumVisualStudioVersion = 10.0.40219.1
Project("{FAE04EC0-301F-11D3-BF4B-00C04F79EFBC}") = "AppNetCore", "AppNetCore\AppNetCore.csproj", "{0B12C666-1011-4168-B2FA-7884DA08E582}"
EndProject
Project("{FAE04EC0-301F-11D3-BF4B-00C04F79EFBC}") = "Logic", "Logic\Logic.csproj", "{919C74F7-82A0-4560-A21C-92932195E9FC}"
EndProject
Global
	GlobalSection(SolutionConfigurationPlatforms) = preSolution
		Debug|Any CPU = Debug|Any CPU
		Release|Any CPU = Release|Any CPU
	EndGlobalSection
	GlobalSection(ProjectConfigurationPlatforms) = postSolution
		{0B12C666-1011-4168-B2FA-7884DA08E582}.Debug|Any CPU.ActiveCfg = Debug|Any CPU
		{0B12C666-1011-4168-B2FA-7884DA08E582}.Debug|Any CPU.Build.0 = Debug|Any CPU
		{0B12C666-1011-4168-B2FA-7884DA08E582}.Release|Any CPU.ActiveCfg = Release|Any CPU
		{0B12C666-1011-4168-B2FA-7884DA08E582}.Release|Any CPU.Build.0 = Release|Any CPU
		{919C74F7-82A0-4560-A21C-92932195E9FC}.Debug|Any CPU.ActiveCfg = Debug|Any CPU
		{919C74F7-82A0-4560-A21C-92932195E9FC}.Debug|Any CPU.Build.0 = Debug|Any CPU
		{919C74F7-82A0-4560-A21C-92932195E9FC}.Release|Any CPU.ActiveCfg = Release|Any CPU
		{919C74F7-82A0-4560-A21C-92932195E9FC}.Release|Any CPU.Build.0 = Release|Any CPU
	EndGlobalSection
	GlobalSection(SolutionProperties) = preSolution
		HideSolutionNode = FALSE
	EndGlobalSection
	GlobalSection(ExtensibilityGlobals) = postSolution
		SolutionGuid = {2FE8C9A4-6E04-4954-AD23-8EB0B15D2CC1}
	EndGlobalSection
EndGlobal
