
Microsoft Visual Studio Solution File, Format Version 12.00
# Visual Studio Version 16
VisualStudioVersion = 16.0.30621.155
MinimumVisualStudioVersion = 10.0.40219.1
Project("{FAE04EC0-301F-11D3-BF4B-00C04F79EFBC}") = "Automated1C", "Automated1C\Automated1C.csproj", "{711EC770-2321-45BF-9E60-5330DD55D549}"
EndProject
Project("{FAE04EC0-301F-11D3-BF4B-00C04F79EFBC}") = "Logic", "Logic\Logic.csproj", "{31014B5F-8D7D-43EA-9B90-DB12860BCC07}"
EndProject
Global
	GlobalSection(SolutionConfigurationPlatforms) = preSolution
		Debug|Any CPU = Debug|Any CPU
		Release|Any CPU = Release|Any CPU
	EndGlobalSection
	GlobalSection(ProjectConfigurationPlatforms) = postSolution
		{711EC770-2321-45BF-9E60-5330DD55D549}.Debug|Any CPU.ActiveCfg = Debug|Any CPU
		{711EC770-2321-45BF-9E60-5330DD55D549}.Debug|Any CPU.Build.0 = Debug|Any CPU
		{711EC770-2321-45BF-9E60-5330DD55D549}.Release|Any CPU.ActiveCfg = Release|Any CPU
		{711EC770-2321-45BF-9E60-5330DD55D549}.Release|Any CPU.Build.0 = Release|Any CPU
		{31014B5F-8D7D-43EA-9B90-DB12860BCC07}.Debug|Any CPU.ActiveCfg = Debug|Any CPU
		{31014B5F-8D7D-43EA-9B90-DB12860BCC07}.Debug|Any CPU.Build.0 = Debug|Any CPU
		{31014B5F-8D7D-43EA-9B90-DB12860BCC07}.Release|Any CPU.ActiveCfg = Release|Any CPU
		{31014B5F-8D7D-43EA-9B90-DB12860BCC07}.Release|Any CPU.Build.0 = Release|Any CPU
	EndGlobalSection
	GlobalSection(SolutionProperties) = preSolution
		HideSolutionNode = FALSE
	EndGlobalSection
	GlobalSection(ExtensibilityGlobals) = postSolution
		SolutionGuid = {2FE8C9A4-6E04-4954-AD23-8EB0B15D2CC1}
	EndGlobalSection
EndGlobal
